// !$*UTF8*$!
{
	archiveVersion = 1;
	classes = {
	};
	objectVersion = 55;
	objects = {

/* Begin PBXBuildFile section */
		D50A117A272EE596008FEA79 /* PostCell.swift in Sources */ = {isa = PBXBuildFile; fileRef = D50A1179272EE596008FEA79 /* PostCell.swift */; };
		D51855FA2733C6B10094E467 /* InputTextView.swift in Sources */ = {isa = PBXBuildFile; fileRef = D51855F92733C6B10094E467 /* InputTextView.swift */; };
		D51855FC2733FC2E0094E467 /* Post.swift in Sources */ = {isa = PBXBuildFile; fileRef = D51855FB2733FC2E0094E467 /* Post.swift */; };
		D51855FE2733FD700094E467 /* PostService.swift in Sources */ = {isa = PBXBuildFile; fileRef = D51855FD2733FD700094E467 /* PostService.swift */; };
		D51856002733FE790094E467 /* Constants.swift in Sources */ = {isa = PBXBuildFile; fileRef = D51855FF2733FE790094E467 /* Constants.swift */; };
		D518560527340C670094E467 /* JGProgressHUD in Frameworks */ = {isa = PBXBuildFile; productRef = D518560427340C670094E467 /* JGProgressHUD */; };
		D518560727340D450094E467 /* PostViewModel.swift in Sources */ = {isa = PBXBuildFile; fileRef = D518560627340D450094E467 /* PostViewModel.swift */; };
		D5185609273417F50094E467 /* TimestampString.swift in Sources */ = {isa = PBXBuildFile; fileRef = D5185608273417F50094E467 /* TimestampString.swift */; };
		D518560B27341F280094E467 /* PostController.swift in Sources */ = {isa = PBXBuildFile; fileRef = D518560A27341F280094E467 /* PostController.swift */; };
		D571A3CB272FA9B700294032 /* FirebaseAuth in Frameworks */ = {isa = PBXBuildFile; productRef = D571A3CA272FA9B700294032 /* FirebaseAuth */; };
		D571A3CD272FA9B700294032 /* FirebaseFirestore in Frameworks */ = {isa = PBXBuildFile; productRef = D571A3CC272FA9B700294032 /* FirebaseFirestore */; };
		D571A3CF272FA9B700294032 /* FirebaseMessaging in Frameworks */ = {isa = PBXBuildFile; productRef = D571A3CE272FA9B700294032 /* FirebaseMessaging */; };
		D571A3D1272FA9B700294032 /* FirebaseStorage in Frameworks */ = {isa = PBXBuildFile; productRef = D571A3D0272FA9B700294032 /* FirebaseStorage */; };
		D571A3D3272FAB8900294032 /* AuthService.swift in Sources */ = {isa = PBXBuildFile; fileRef = D571A3D2272FAB8900294032 /* AuthService.swift */; };
		D571A3D5272FAF3400294032 /* UserService.swift in Sources */ = {isa = PBXBuildFile; fileRef = D571A3D4272FAF3400294032 /* UserService.swift */; };
		D571A3D7272FAF8100294032 /* User.swift in Sources */ = {isa = PBXBuildFile; fileRef = D571A3D6272FAF8100294032 /* User.swift */; };
		D571A3D9272FF31B00294032 /* SettingController.swift in Sources */ = {isa = PBXBuildFile; fileRef = D571A3D8272FF31B00294032 /* SettingController.swift */; };
		D571A3DB272FF57A00294032 /* EditProfileController.swift in Sources */ = {isa = PBXBuildFile; fileRef = D571A3DA272FF57A00294032 /* EditProfileController.swift */; };
		D571A3DF27300E5000294032 /* ImageUploader.swift in Sources */ = {isa = PBXBuildFile; fileRef = D571A3DE27300E4F00294032 /* ImageUploader.swift */; };
		D571A3E22730130C00294032 /* EditProfileViewModel.swift in Sources */ = {isa = PBXBuildFile; fileRef = D571A3E12730130C00294032 /* EditProfileViewModel.swift */; };
		D571A3E8273016BA00294032 /* Kingfisher in Frameworks */ = {isa = PBXBuildFile; productRef = D571A3E7273016BA00294032 /* Kingfisher */; };
		D573B376272F804000FFD11F /* Parchment in Frameworks */ = {isa = PBXBuildFile; productRef = D573B375272F804000FFD11F /* Parchment */; };
		D573B37B272FA7A700FFD11F /* GoogleService-Info.plist in Resources */ = {isa = PBXBuildFile; fileRef = D573B37A272FA7A700FFD11F /* GoogleService-Info.plist */; };
		D584FB63272D3491008C4653 /* AppDelegate.swift in Sources */ = {isa = PBXBuildFile; fileRef = D584FB62272D3491008C4653 /* AppDelegate.swift */; };
		D584FB65272D3491008C4653 /* SceneDelegate.swift in Sources */ = {isa = PBXBuildFile; fileRef = D584FB64272D3491008C4653 /* SceneDelegate.swift */; };
		D584FB67272D3491008C4653 /* ViewController.swift in Sources */ = {isa = PBXBuildFile; fileRef = D584FB66272D3491008C4653 /* ViewController.swift */; };
		D584FB6A272D3491008C4653 /* Main.storyboard in Resources */ = {isa = PBXBuildFile; fileRef = D584FB68272D3491008C4653 /* Main.storyboard */; };
		D584FB6C272D3492008C4653 /* Assets.xcassets in Resources */ = {isa = PBXBuildFile; fileRef = D584FB6B272D3492008C4653 /* Assets.xcassets */; };
		D584FB6F272D3492008C4653 /* LaunchScreen.storyboard in Resources */ = {isa = PBXBuildFile; fileRef = D584FB6D272D3492008C4653 /* LaunchScreen.storyboard */; };
		D584FB77272D35C5008C4653 /* README.md in Resources */ = {isa = PBXBuildFile; fileRef = D584FB76272D35C5008C4653 /* README.md */; };
		D584FB85272D3AD1008C4653 /* MainController.swift in Sources */ = {isa = PBXBuildFile; fileRef = D584FB84272D3AD0008C4653 /* MainController.swift */; };
		D584FB89272D411C008C4653 /* ProfileView.swift in Sources */ = {isa = PBXBuildFile; fileRef = D584FB88272D411C008C4653 /* ProfileView.swift */; };
		D584FB8B272D41A3008C4653 /* Extension.swift in Sources */ = {isa = PBXBuildFile; fileRef = D584FB8A272D41A3008C4653 /* Extension.swift */; };
		D584FB91272D5AE7008C4653 /* Cera Pro Bold.otf in Resources */ = {isa = PBXBuildFile; fileRef = D584FB90272D5AE7008C4653 /* Cera Pro Bold.otf */; };
		D5B622D22733B20C00746565 /* UploadPostController.swift in Sources */ = {isa = PBXBuildFile; fileRef = D5B622D12733B20B00746565 /* UploadPostController.swift */; };
		D5CBA31A2732C60200730B9A /* IQKeyboardManagerSwift in Frameworks */ = {isa = PBXBuildFile; productRef = D5CBA3192732C60200730B9A /* IQKeyboardManagerSwift */; };
		D5CBA31C2732E1BF00730B9A /* ProfileViewModel.swift in Sources */ = {isa = PBXBuildFile; fileRef = D5CBA31B2732E1BF00730B9A /* ProfileViewModel.swift */; };
		D5CBA3202733116B00730B9A /* IntroViewModel.swift in Sources */ = {isa = PBXBuildFile; fileRef = D5CBA31F2733116B00730B9A /* IntroViewModel.swift */; };
		D5E3B6BF272E952900F06612 /* FeedController.swift in Sources */ = {isa = PBXBuildFile; fileRef = D5E3B6BE272E952900F06612 /* FeedController.swift */; };
		D5E3B6C1272E954F00F06612 /* IntroController.swift in Sources */ = {isa = PBXBuildFile; fileRef = D5E3B6C0272E954F00F06612 /* IntroController.swift */; };
		D5E3B6C3272E9BFD00F06612 /* NotoSansKR-Light.otf in Resources */ = {isa = PBXBuildFile; fileRef = D5E3B6C2272E9BFD00F06612 /* NotoSansKR-Light.otf */; };
		D5E3B6C9272EAB9C00F06612 /* NotoSansKR-Medium.otf in Resources */ = {isa = PBXBuildFile; fileRef = D5E3B6C8272EAB9B00F06612 /* NotoSansKR-Medium.otf */; };
		D5E3B6CB272EB00400F06612 /* NotoSansKR-Regular.otf in Resources */ = {isa = PBXBuildFile; fileRef = D5E3B6CA272EB00400F06612 /* NotoSansKR-Regular.otf */; };
/* End PBXBuildFile section */

/* Begin PBXFileReference section */
		D50A1179272EE596008FEA79 /* PostCell.swift */ = {isa = PBXFileReference; lastKnownFileType = sourcecode.swift; path = PostCell.swift; sourceTree = "<group>"; };
		D51855F92733C6B10094E467 /* InputTextView.swift */ = {isa = PBXFileReference; lastKnownFileType = sourcecode.swift; path = InputTextView.swift; sourceTree = "<group>"; };
		D51855FB2733FC2E0094E467 /* Post.swift */ = {isa = PBXFileReference; lastKnownFileType = sourcecode.swift; path = Post.swift; sourceTree = "<group>"; };
		D51855FD2733FD700094E467 /* PostService.swift */ = {isa = PBXFileReference; lastKnownFileType = sourcecode.swift; path = PostService.swift; sourceTree = "<group>"; };
		D51855FF2733FE790094E467 /* Constants.swift */ = {isa = PBXFileReference; lastKnownFileType = sourcecode.swift; path = Constants.swift; sourceTree = "<group>"; };
		D518560627340D450094E467 /* PostViewModel.swift */ = {isa = PBXFileReference; lastKnownFileType = sourcecode.swift; path = PostViewModel.swift; sourceTree = SOURCE_ROOT; };
		D5185608273417F50094E467 /* TimestampString.swift */ = {isa = PBXFileReference; lastKnownFileType = sourcecode.swift; path = TimestampString.swift; sourceTree = "<group>"; };
		D518560A27341F280094E467 /* PostController.swift */ = {isa = PBXFileReference; lastKnownFileType = sourcecode.swift; path = PostController.swift; sourceTree = "<group>"; };
		D571A3D2272FAB8900294032 /* AuthService.swift */ = {isa = PBXFileReference; lastKnownFileType = sourcecode.swift; path = AuthService.swift; sourceTree = "<group>"; };
		D571A3D4272FAF3400294032 /* UserService.swift */ = {isa = PBXFileReference; lastKnownFileType = sourcecode.swift; path = UserService.swift; sourceTree = "<group>"; };
		D571A3D6272FAF8100294032 /* User.swift */ = {isa = PBXFileReference; lastKnownFileType = sourcecode.swift; path = User.swift; sourceTree = "<group>"; };
		D571A3D8272FF31B00294032 /* SettingController.swift */ = {isa = PBXFileReference; lastKnownFileType = sourcecode.swift; path = SettingController.swift; sourceTree = "<group>"; };
		D571A3DA272FF57A00294032 /* EditProfileController.swift */ = {isa = PBXFileReference; lastKnownFileType = sourcecode.swift; path = EditProfileController.swift; sourceTree = "<group>"; };
		D571A3DE27300E4F00294032 /* ImageUploader.swift */ = {isa = PBXFileReference; lastKnownFileType = sourcecode.swift; path = ImageUploader.swift; sourceTree = "<group>"; };
		D571A3E12730130C00294032 /* EditProfileViewModel.swift */ = {isa = PBXFileReference; lastKnownFileType = sourcecode.swift; path = EditProfileViewModel.swift; sourceTree = "<group>"; };
		D573B37A272FA7A700FFD11F /* GoogleService-Info.plist */ = {isa = PBXFileReference; fileEncoding = 4; lastKnownFileType = text.plist.xml; path = "GoogleService-Info.plist"; sourceTree = "<group>"; };
		D584FB5F272D3491008C4653 /* blog-app.app */ = {isa = PBXFileReference; explicitFileType = wrapper.application; includeInIndex = 0; path = "blog-app.app"; sourceTree = BUILT_PRODUCTS_DIR; };
		D584FB62272D3491008C4653 /* AppDelegate.swift */ = {isa = PBXFileReference; lastKnownFileType = sourcecode.swift; path = AppDelegate.swift; sourceTree = "<group>"; };
		D584FB64272D3491008C4653 /* SceneDelegate.swift */ = {isa = PBXFileReference; lastKnownFileType = sourcecode.swift; path = SceneDelegate.swift; sourceTree = "<group>"; };
		D584FB66272D3491008C4653 /* ViewController.swift */ = {isa = PBXFileReference; lastKnownFileType = sourcecode.swift; path = ViewController.swift; sourceTree = "<group>"; };
		D584FB69272D3491008C4653 /* Base */ = {isa = PBXFileReference; lastKnownFileType = file.storyboard; name = Base; path = Base.lproj/Main.storyboard; sourceTree = "<group>"; };
		D584FB6B272D3492008C4653 /* Assets.xcassets */ = {isa = PBXFileReference; lastKnownFileType = folder.assetcatalog; path = Assets.xcassets; sourceTree = "<group>"; };
		D584FB6E272D3492008C4653 /* Base */ = {isa = PBXFileReference; lastKnownFileType = file.storyboard; name = Base; path = Base.lproj/LaunchScreen.storyboard; sourceTree = "<group>"; };
		D584FB70272D3492008C4653 /* Info.plist */ = {isa = PBXFileReference; lastKnownFileType = text.plist.xml; path = Info.plist; sourceTree = "<group>"; };
		D584FB76272D35C5008C4653 /* README.md */ = {isa = PBXFileReference; fileEncoding = 4; lastKnownFileType = net.daringfireball.markdown; path = README.md; sourceTree = "<group>"; };
		D584FB84272D3AD0008C4653 /* MainController.swift */ = {isa = PBXFileReference; lastKnownFileType = sourcecode.swift; path = MainController.swift; sourceTree = "<group>"; };
		D584FB88272D411C008C4653 /* ProfileView.swift */ = {isa = PBXFileReference; lastKnownFileType = sourcecode.swift; path = ProfileView.swift; sourceTree = "<group>"; };
		D584FB8A272D41A3008C4653 /* Extension.swift */ = {isa = PBXFileReference; lastKnownFileType = sourcecode.swift; path = Extension.swift; sourceTree = "<group>"; };
		D584FB90272D5AE7008C4653 /* Cera Pro Bold.otf */ = {isa = PBXFileReference; lastKnownFileType = file; path = "Cera Pro Bold.otf"; sourceTree = "<group>"; };
		D5B622D12733B20B00746565 /* UploadPostController.swift */ = {isa = PBXFileReference; lastKnownFileType = sourcecode.swift; path = UploadPostController.swift; sourceTree = "<group>"; };
		D5CBA31B2732E1BF00730B9A /* ProfileViewModel.swift */ = {isa = PBXFileReference; lastKnownFileType = sourcecode.swift; path = ProfileViewModel.swift; sourceTree = "<group>"; };
		D5CBA31F2733116B00730B9A /* IntroViewModel.swift */ = {isa = PBXFileReference; lastKnownFileType = sourcecode.swift; path = IntroViewModel.swift; sourceTree = "<group>"; };
		D5E3B6BE272E952900F06612 /* FeedController.swift */ = {isa = PBXFileReference; lastKnownFileType = sourcecode.swift; path = FeedController.swift; sourceTree = "<group>"; };
		D5E3B6C0272E954F00F06612 /* IntroController.swift */ = {isa = PBXFileReference; lastKnownFileType = sourcecode.swift; path = IntroController.swift; sourceTree = "<group>"; };
		D5E3B6C2272E9BFD00F06612 /* NotoSansKR-Light.otf */ = {isa = PBXFileReference; lastKnownFileType = file; path = "NotoSansKR-Light.otf"; sourceTree = "<group>"; };
		D5E3B6C8272EAB9B00F06612 /* NotoSansKR-Medium.otf */ = {isa = PBXFileReference; lastKnownFileType = file; path = "NotoSansKR-Medium.otf"; sourceTree = "<group>"; };
		D5E3B6CA272EB00400F06612 /* NotoSansKR-Regular.otf */ = {isa = PBXFileReference; lastKnownFileType = file; path = "NotoSansKR-Regular.otf"; sourceTree = "<group>"; };
/* End PBXFileReference section */

/* Begin PBXFrameworksBuildPhase section */
		D584FB5C272D3491008C4653 /* Frameworks */ = {
			isa = PBXFrameworksBuildPhase;
			buildActionMask = 2147483647;
			files = (
				D5CBA31A2732C60200730B9A /* IQKeyboardManagerSwift in Frameworks */,
				D571A3E8273016BA00294032 /* Kingfisher in Frameworks */,
				D571A3CF272FA9B700294032 /* FirebaseMessaging in Frameworks */,
				D573B376272F804000FFD11F /* Parchment in Frameworks */,
				D518560527340C670094E467 /* JGProgressHUD in Frameworks */,
				D571A3CB272FA9B700294032 /* FirebaseAuth in Frameworks */,
				D571A3D1272FA9B700294032 /* FirebaseStorage in Frameworks */,
				D571A3CD272FA9B700294032 /* FirebaseFirestore in Frameworks */,
			);
			runOnlyForDeploymentPostprocessing = 0;
		};
/* End PBXFrameworksBuildPhase section */

/* Begin PBXGroup section */
		D571A3E0273012FB00294032 /* ViewModel */ = {
			isa = PBXGroup;
			children = (
				D5CBA31B2732E1BF00730B9A /* ProfileViewModel.swift */,
				D518560627340D450094E467 /* PostViewModel.swift */,
				D571A3E12730130C00294032 /* EditProfileViewModel.swift */,
				D5CBA31F2733116B00730B9A /* IntroViewModel.swift */,
			);
			path = ViewModel;
			sourceTree = "<group>";
		};
		D584FB56272D3491008C4653 = {
			isa = PBXGroup;
			children = (
				D584FB76272D35C5008C4653 /* README.md */,
				D584FB61272D3491008C4653 /* blog-app */,
				D584FB60272D3491008C4653 /* Products */,
			);
			sourceTree = "<group>";
		};
		D584FB60272D3491008C4653 /* Products */ = {
			isa = PBXGroup;
			children = (
				D584FB5F272D3491008C4653 /* blog-app.app */,
			);
			name = Products;
			sourceTree = "<group>";
		};
		D584FB61272D3491008C4653 /* blog-app */ = {
			isa = PBXGroup;
			children = (
				D584FB78272D381A008C4653 /* Model */,
				D584FB7D272D3869008C4653 /* View */,
				D571A3E0273012FB00294032 /* ViewModel */,
				D584FB7F272D387A008C4653 /* Controller */,
				D584FB81272D3894008C4653 /* API */,
				D584FB80272D388C008C4653 /* Util */,
				D584FB62272D3491008C4653 /* AppDelegate.swift */,
				D584FB64272D3491008C4653 /* SceneDelegate.swift */,
				D584FB66272D3491008C4653 /* ViewController.swift */,
				D584FB68272D3491008C4653 /* Main.storyboard */,
				D584FB6B272D3492008C4653 /* Assets.xcassets */,
				D584FB6D272D3492008C4653 /* LaunchScreen.storyboard */,
				D584FB70272D3492008C4653 /* Info.plist */,
				D573B37A272FA7A700FFD11F /* GoogleService-Info.plist */,
			);
			path = "blog-app";
			sourceTree = "<group>";
		};
		D584FB78272D381A008C4653 /* Model */ = {
			isa = PBXGroup;
			children = (
				D571A3D6272FAF8100294032 /* User.swift */,
				D51855FB2733FC2E0094E467 /* Post.swift */,
			);
			path = Model;
			sourceTree = "<group>";
		};
		D584FB7D272D3869008C4653 /* View */ = {
			isa = PBXGroup;
			children = (
				D584FB88272D411C008C4653 /* ProfileView.swift */,
				D50A1179272EE596008FEA79 /* PostCell.swift */,
			);
			path = View;
			sourceTree = "<group>";
		};
		D584FB7F272D387A008C4653 /* Controller */ = {
			isa = PBXGroup;
			children = (
				D584FB84272D3AD0008C4653 /* MainController.swift */,
				D5E3B6BE272E952900F06612 /* FeedController.swift */,
				D518560A27341F280094E467 /* PostController.swift */,
				D5B622D12733B20B00746565 /* UploadPostController.swift */,
				D5E3B6C0272E954F00F06612 /* IntroController.swift */,
				D571A3DA272FF57A00294032 /* EditProfileController.swift */,
				D571A3D8272FF31B00294032 /* SettingController.swift */,
			);
			path = Controller;
			sourceTree = "<group>";
		};
		D584FB80272D388C008C4653 /* Util */ = {
			isa = PBXGroup;
			children = (
				D584FB8C272D59BF008C4653 /* Font */,
				D584FB8A272D41A3008C4653 /* Extension.swift */,
				D51855F92733C6B10094E467 /* InputTextView.swift */,
				D51855FF2733FE790094E467 /* Constants.swift */,
				D5185608273417F50094E467 /* TimestampString.swift */,
			);
			path = Util;
			sourceTree = "<group>";
		};
		D584FB81272D3894008C4653 /* API */ = {
			isa = PBXGroup;
			children = (
				D571A3D2272FAB8900294032 /* AuthService.swift */,
				D571A3DE27300E4F00294032 /* ImageUploader.swift */,
				D571A3D4272FAF3400294032 /* UserService.swift */,
				D51855FD2733FD700094E467 /* PostService.swift */,
			);
			path = API;
			sourceTree = "<group>";
		};
		D584FB8C272D59BF008C4653 /* Font */ = {
			isa = PBXGroup;
			children = (
				D5E3B6C2272E9BFD00F06612 /* NotoSansKR-Light.otf */,
				D5E3B6CA272EB00400F06612 /* NotoSansKR-Regular.otf */,
				D5E3B6C8272EAB9B00F06612 /* NotoSansKR-Medium.otf */,
				D584FB90272D5AE7008C4653 /* Cera Pro Bold.otf */,
			);
			path = Font;
			sourceTree = "<group>";
		};
/* End PBXGroup section */

/* Begin PBXNativeTarget section */
		D584FB5E272D3491008C4653 /* blog-app */ = {
			isa = PBXNativeTarget;
			buildConfigurationList = D584FB73272D3492008C4653 /* Build configuration list for PBXNativeTarget "blog-app" */;
			buildPhases = (
				D584FB5B272D3491008C4653 /* Sources */,
				D584FB5C272D3491008C4653 /* Frameworks */,
				D584FB5D272D3491008C4653 /* Resources */,
			);
			buildRules = (
			);
			dependencies = (
			);
			name = "blog-app";
			packageProductDependencies = (
				D573B375272F804000FFD11F /* Parchment */,
				D571A3CA272FA9B700294032 /* FirebaseAuth */,
				D571A3CC272FA9B700294032 /* FirebaseFirestore */,
				D571A3CE272FA9B700294032 /* FirebaseMessaging */,
				D571A3D0272FA9B700294032 /* FirebaseStorage */,
				D571A3E7273016BA00294032 /* Kingfisher */,
				D5CBA3192732C60200730B9A /* IQKeyboardManagerSwift */,
				D518560427340C670094E467 /* JGProgressHUD */,
			);
			productName = "blog-app";
			productReference = D584FB5F272D3491008C4653 /* blog-app.app */;
			productType = "com.apple.product-type.application";
		};
/* End PBXNativeTarget section */

/* Begin PBXProject section */
		D584FB57272D3491008C4653 /* Project object */ = {
			isa = PBXProject;
			attributes = {
				BuildIndependentTargetsInParallel = 1;
				LastSwiftUpdateCheck = 1310;
				LastUpgradeCheck = 1310;
				TargetAttributes = {
					D584FB5E272D3491008C4653 = {
						CreatedOnToolsVersion = 13.1;
					};
				};
			};
			buildConfigurationList = D584FB5A272D3491008C4653 /* Build configuration list for PBXProject "blog-app" */;
			compatibilityVersion = "Xcode 13.0";
			developmentRegion = en;
			hasScannedForEncodings = 0;
			knownRegions = (
				en,
				Base,
			);
			mainGroup = D584FB56272D3491008C4653;
			packageReferences = (
				D573B374272F804000FFD11F /* XCRemoteSwiftPackageReference "Parchment" */,
				D571A3C9272FA9B700294032 /* XCRemoteSwiftPackageReference "firebase-ios-sdk" */,
				D571A3E6273016BA00294032 /* XCRemoteSwiftPackageReference "Kingfisher" */,
				D5CBA3182732C60200730B9A /* XCRemoteSwiftPackageReference "IQKeyboardManager" */,
				D518560327340C670094E467 /* XCRemoteSwiftPackageReference "JGProgressHUD" */,
			);
			productRefGroup = D584FB60272D3491008C4653 /* Products */;
			projectDirPath = "";
			projectRoot = "";
			targets = (
				D584FB5E272D3491008C4653 /* blog-app */,
			);
		};
/* End PBXProject section */

/* Begin PBXResourcesBuildPhase section */
		D584FB5D272D3491008C4653 /* Resources */ = {
			isa = PBXResourcesBuildPhase;
			buildActionMask = 2147483647;
			files = (
				D584FB6F272D3492008C4653 /* LaunchScreen.storyboard in Resources */,
				D5E3B6CB272EB00400F06612 /* NotoSansKR-Regular.otf in Resources */,
				D584FB91272D5AE7008C4653 /* Cera Pro Bold.otf in Resources */,
				D5E3B6C3272E9BFD00F06612 /* NotoSansKR-Light.otf in Resources */,
				D584FB6C272D3492008C4653 /* Assets.xcassets in Resources */,
				D5E3B6C9272EAB9C00F06612 /* NotoSansKR-Medium.otf in Resources */,
				D584FB77272D35C5008C4653 /* README.md in Resources */,
				D573B37B272FA7A700FFD11F /* GoogleService-Info.plist in Resources */,
				D584FB6A272D3491008C4653 /* Main.storyboard in Resources */,
			);
			runOnlyForDeploymentPostprocessing = 0;
		};
/* End PBXResourcesBuildPhase section */

/* Begin PBXSourcesBuildPhase section */
		D584FB5B272D3491008C4653 /* Sources */ = {
			isa = PBXSourcesBuildPhase;
			buildActionMask = 2147483647;
			files = (
				D518560727340D450094E467 /* PostViewModel.swift in Sources */,
				D584FB67272D3491008C4653 /* ViewController.swift in Sources */,
				D5B622D22733B20C00746565 /* UploadPostController.swift in Sources */,
				D584FB89272D411C008C4653 /* ProfileView.swift in Sources */,
				D571A3DF27300E5000294032 /* ImageUploader.swift in Sources */,
				D5E3B6C1272E954F00F06612 /* IntroController.swift in Sources */,
				D51855FE2733FD700094E467 /* PostService.swift in Sources */,
				D51856002733FE790094E467 /* Constants.swift in Sources */,
				D584FB63272D3491008C4653 /* AppDelegate.swift in Sources */,
				D518560B27341F280094E467 /* PostController.swift in Sources */,
				D51855FA2733C6B10094E467 /* InputTextView.swift in Sources */,
				D584FB8B272D41A3008C4653 /* Extension.swift in Sources */,
				D5CBA3202733116B00730B9A /* IntroViewModel.swift in Sources */,
				D584FB65272D3491008C4653 /* SceneDelegate.swift in Sources */,
				D571A3D5272FAF3400294032 /* UserService.swift in Sources */,
				D571A3E22730130C00294032 /* EditProfileViewModel.swift in Sources */,
				D51855FC2733FC2E0094E467 /* Post.swift in Sources */,
				D584FB85272D3AD1008C4653 /* MainController.swift in Sources */,
				D571A3D7272FAF8100294032 /* User.swift in Sources */,
				D5CBA31C2732E1BF00730B9A /* ProfileViewModel.swift in Sources */,
				D5185609273417F50094E467 /* TimestampString.swift in Sources */,
				D571A3DB272FF57A00294032 /* EditProfileController.swift in Sources */,
				D571A3D3272FAB8900294032 /* AuthService.swift in Sources */,
				D5E3B6BF272E952900F06612 /* FeedController.swift in Sources */,
				D571A3D9272FF31B00294032 /* SettingController.swift in Sources */,
				D50A117A272EE596008FEA79 /* PostCell.swift in Sources */,
			);
			runOnlyForDeploymentPostprocessing = 0;
		};
/* End PBXSourcesBuildPhase section */

/* Begin PBXVariantGroup section */
		D584FB68272D3491008C4653 /* Main.storyboard */ = {
			isa = PBXVariantGroup;
			children = (
				D584FB69272D3491008C4653 /* Base */,
			);
			name = Main.storyboard;
			sourceTree = "<group>";
		};
		D584FB6D272D3492008C4653 /* LaunchScreen.storyboard */ = {
			isa = PBXVariantGroup;
			children = (
				D584FB6E272D3492008C4653 /* Base */,
			);
			name = LaunchScreen.storyboard;
			sourceTree = "<group>";
		};
/* End PBXVariantGroup section */

/* Begin XCBuildConfiguration section */
		D584FB71272D3492008C4653 /* Debug */ = {
			isa = XCBuildConfiguration;
			buildSettings = {
				ALWAYS_SEARCH_USER_PATHS = NO;
				CLANG_ANALYZER_NONNULL = YES;
				CLANG_ANALYZER_NUMBER_OBJECT_CONVERSION = YES_AGGRESSIVE;
				CLANG_CXX_LANGUAGE_STANDARD = "gnu++17";
				CLANG_CXX_LIBRARY = "libc++";
				CLANG_ENABLE_MODULES = YES;
				CLANG_ENABLE_OBJC_ARC = YES;
				CLANG_ENABLE_OBJC_WEAK = YES;
				CLANG_WARN_BLOCK_CAPTURE_AUTORELEASING = YES;
				CLANG_WARN_BOOL_CONVERSION = YES;
				CLANG_WARN_COMMA = YES;
				CLANG_WARN_CONSTANT_CONVERSION = YES;
				CLANG_WARN_DEPRECATED_OBJC_IMPLEMENTATIONS = YES;
				CLANG_WARN_DIRECT_OBJC_ISA_USAGE = YES_ERROR;
				CLANG_WARN_DOCUMENTATION_COMMENTS = YES;
				CLANG_WARN_EMPTY_BODY = YES;
				CLANG_WARN_ENUM_CONVERSION = YES;
				CLANG_WARN_INFINITE_RECURSION = YES;
				CLANG_WARN_INT_CONVERSION = YES;
				CLANG_WARN_NON_LITERAL_NULL_CONVERSION = YES;
				CLANG_WARN_OBJC_IMPLICIT_RETAIN_SELF = YES;
				CLANG_WARN_OBJC_LITERAL_CONVERSION = YES;
				CLANG_WARN_OBJC_ROOT_CLASS = YES_ERROR;
				CLANG_WARN_QUOTED_INCLUDE_IN_FRAMEWORK_HEADER = YES;
				CLANG_WARN_RANGE_LOOP_ANALYSIS = YES;
				CLANG_WARN_STRICT_PROTOTYPES = YES;
				CLANG_WARN_SUSPICIOUS_MOVE = YES;
				CLANG_WARN_UNGUARDED_AVAILABILITY = YES_AGGRESSIVE;
				CLANG_WARN_UNREACHABLE_CODE = YES;
				CLANG_WARN__DUPLICATE_METHOD_MATCH = YES;
				COPY_PHASE_STRIP = NO;
				DEBUG_INFORMATION_FORMAT = dwarf;
				ENABLE_STRICT_OBJC_MSGSEND = YES;
				ENABLE_TESTABILITY = YES;
				GCC_C_LANGUAGE_STANDARD = gnu11;
				GCC_DYNAMIC_NO_PIC = NO;
				GCC_NO_COMMON_BLOCKS = YES;
				GCC_OPTIMIZATION_LEVEL = 0;
				GCC_PREPROCESSOR_DEFINITIONS = (
					"DEBUG=1",
					"$(inherited)",
				);
				GCC_WARN_64_TO_32_BIT_CONVERSION = YES;
				GCC_WARN_ABOUT_RETURN_TYPE = YES_ERROR;
				GCC_WARN_UNDECLARED_SELECTOR = YES;
				GCC_WARN_UNINITIALIZED_AUTOS = YES_AGGRESSIVE;
				GCC_WARN_UNUSED_FUNCTION = YES;
				GCC_WARN_UNUSED_VARIABLE = YES;
				IPHONEOS_DEPLOYMENT_TARGET = 15.0;
				MTL_ENABLE_DEBUG_INFO = INCLUDE_SOURCE;
				MTL_FAST_MATH = YES;
				ONLY_ACTIVE_ARCH = YES;
				SDKROOT = iphoneos;
				SWIFT_ACTIVE_COMPILATION_CONDITIONS = DEBUG;
				SWIFT_OPTIMIZATION_LEVEL = "-Onone";
			};
			name = Debug;
		};
		D584FB72272D3492008C4653 /* Release */ = {
			isa = XCBuildConfiguration;
			buildSettings = {
				ALWAYS_SEARCH_USER_PATHS = NO;
				CLANG_ANALYZER_NONNULL = YES;
				CLANG_ANALYZER_NUMBER_OBJECT_CONVERSION = YES_AGGRESSIVE;
				CLANG_CXX_LANGUAGE_STANDARD = "gnu++17";
				CLANG_CXX_LIBRARY = "libc++";
				CLANG_ENABLE_MODULES = YES;
				CLANG_ENABLE_OBJC_ARC = YES;
				CLANG_ENABLE_OBJC_WEAK = YES;
				CLANG_WARN_BLOCK_CAPTURE_AUTORELEASING = YES;
				CLANG_WARN_BOOL_CONVERSION = YES;
				CLANG_WARN_COMMA = YES;
				CLANG_WARN_CONSTANT_CONVERSION = YES;
				CLANG_WARN_DEPRECATED_OBJC_IMPLEMENTATIONS = YES;
				CLANG_WARN_DIRECT_OBJC_ISA_USAGE = YES_ERROR;
				CLANG_WARN_DOCUMENTATION_COMMENTS = YES;
				CLANG_WARN_EMPTY_BODY = YES;
				CLANG_WARN_ENUM_CONVERSION = YES;
				CLANG_WARN_INFINITE_RECURSION = YES;
				CLANG_WARN_INT_CONVERSION = YES;
				CLANG_WARN_NON_LITERAL_NULL_CONVERSION = YES;
				CLANG_WARN_OBJC_IMPLICIT_RETAIN_SELF = YES;
				CLANG_WARN_OBJC_LITERAL_CONVERSION = YES;
				CLANG_WARN_OBJC_ROOT_CLASS = YES_ERROR;
				CLANG_WARN_QUOTED_INCLUDE_IN_FRAMEWORK_HEADER = YES;
				CLANG_WARN_RANGE_LOOP_ANALYSIS = YES;
				CLANG_WARN_STRICT_PROTOTYPES = YES;
				CLANG_WARN_SUSPICIOUS_MOVE = YES;
				CLANG_WARN_UNGUARDED_AVAILABILITY = YES_AGGRESSIVE;
				CLANG_WARN_UNREACHABLE_CODE = YES;
				CLANG_WARN__DUPLICATE_METHOD_MATCH = YES;
				COPY_PHASE_STRIP = NO;
				DEBUG_INFORMATION_FORMAT = "dwarf-with-dsym";
				ENABLE_NS_ASSERTIONS = NO;
				ENABLE_STRICT_OBJC_MSGSEND = YES;
				GCC_C_LANGUAGE_STANDARD = gnu11;
				GCC_NO_COMMON_BLOCKS = YES;
				GCC_WARN_64_TO_32_BIT_CONVERSION = YES;
				GCC_WARN_ABOUT_RETURN_TYPE = YES_ERROR;
				GCC_WARN_UNDECLARED_SELECTOR = YES;
				GCC_WARN_UNINITIALIZED_AUTOS = YES_AGGRESSIVE;
				GCC_WARN_UNUSED_FUNCTION = YES;
				GCC_WARN_UNUSED_VARIABLE = YES;
				IPHONEOS_DEPLOYMENT_TARGET = 15.0;
				MTL_ENABLE_DEBUG_INFO = NO;
				MTL_FAST_MATH = YES;
				SDKROOT = iphoneos;
				SWIFT_COMPILATION_MODE = wholemodule;
				SWIFT_OPTIMIZATION_LEVEL = "-O";
				VALIDATE_PRODUCT = YES;
			};
			name = Release;
		};
		D584FB74272D3492008C4653 /* Debug */ = {
			isa = XCBuildConfiguration;
			buildSettings = {
				ASSETCATALOG_COMPILER_APPICON_NAME = AppIcon;
				ASSETCATALOG_COMPILER_GLOBAL_ACCENT_COLOR_NAME = AccentColor;
				CODE_SIGN_STYLE = Automatic;
				CURRENT_PROJECT_VERSION = 1;
				DEVELOPMENT_TEAM = QHPW755BR8;
				GENERATE_INFOPLIST_FILE = YES;
				INFOPLIST_FILE = "blog-app/Info.plist";
				INFOPLIST_KEY_UIApplicationSupportsIndirectInputEvents = YES;
				INFOPLIST_KEY_UILaunchStoryboardName = LaunchScreen;
				INFOPLIST_KEY_UIMainStoryboardFile = Main;
				INFOPLIST_KEY_UISupportedInterfaceOrientations_iPad = "UIInterfaceOrientationPortrait UIInterfaceOrientationPortraitUpsideDown UIInterfaceOrientationLandscapeLeft UIInterfaceOrientationLandscapeRight";
				INFOPLIST_KEY_UISupportedInterfaceOrientations_iPhone = "UIInterfaceOrientationPortrait UIInterfaceOrientationLandscapeLeft UIInterfaceOrientationLandscapeRight";
				LD_RUNPATH_SEARCH_PATHS = (
					"$(inherited)",
					"@executable_path/Frameworks",
				);
				MARKETING_VERSION = 1.0;
				PRODUCT_BUNDLE_IDENTIFIER = "com.chuncheonian.blog-app";
				PRODUCT_NAME = "$(TARGET_NAME)";
				SWIFT_EMIT_LOC_STRINGS = YES;
				SWIFT_VERSION = 5.0;
				TARGETED_DEVICE_FAMILY = "1,2";
			};
			name = Debug;
		};
		D584FB75272D3492008C4653 /* Release */ = {
			isa = XCBuildConfiguration;
			buildSettings = {
				ASSETCATALOG_COMPILER_APPICON_NAME = AppIcon;
				ASSETCATALOG_COMPILER_GLOBAL_ACCENT_COLOR_NAME = AccentColor;
				CODE_SIGN_STYLE = Automatic;
				CURRENT_PROJECT_VERSION = 1;
				DEVELOPMENT_TEAM = QHPW755BR8;
				GENERATE_INFOPLIST_FILE = YES;
				INFOPLIST_FILE = "blog-app/Info.plist";
				INFOPLIST_KEY_UIApplicationSupportsIndirectInputEvents = YES;
				INFOPLIST_KEY_UILaunchStoryboardName = LaunchScreen;
				INFOPLIST_KEY_UIMainStoryboardFile = Main;
				INFOPLIST_KEY_UISupportedInterfaceOrientations_iPad = "UIInterfaceOrientationPortrait UIInterfaceOrientationPortraitUpsideDown UIInterfaceOrientationLandscapeLeft UIInterfaceOrientationLandscapeRight";
				INFOPLIST_KEY_UISupportedInterfaceOrientations_iPhone = "UIInterfaceOrientationPortrait UIInterfaceOrientationLandscapeLeft UIInterfaceOrientationLandscapeRight";
				LD_RUNPATH_SEARCH_PATHS = (
					"$(inherited)",
					"@executable_path/Frameworks",
				);
				MARKETING_VERSION = 1.0;
				PRODUCT_BUNDLE_IDENTIFIER = "com.chuncheonian.blog-app";
				PRODUCT_NAME = "$(TARGET_NAME)";
				SWIFT_EMIT_LOC_STRINGS = YES;
				SWIFT_VERSION = 5.0;
				TARGETED_DEVICE_FAMILY = "1,2";
			};
			name = Release;
		};
/* End XCBuildConfiguration section */

/* Begin XCConfigurationList section */
		D584FB5A272D3491008C4653 /* Build configuration list for PBXProject "blog-app" */ = {
			isa = XCConfigurationList;
			buildConfigurations = (
				D584FB71272D3492008C4653 /* Debug */,
				D584FB72272D3492008C4653 /* Release */,
			);
			defaultConfigurationIsVisible = 0;
			defaultConfigurationName = Release;
		};
		D584FB73272D3492008C4653 /* Build configuration list for PBXNativeTarget "blog-app" */ = {
			isa = XCConfigurationList;
			buildConfigurations = (
				D584FB74272D3492008C4653 /* Debug */,
				D584FB75272D3492008C4653 /* Release */,
			);
			defaultConfigurationIsVisible = 0;
			defaultConfigurationName = Release;
		};
/* End XCConfigurationList section */

/* Begin XCRemoteSwiftPackageReference section */
		D518560327340C670094E467 /* XCRemoteSwiftPackageReference "JGProgressHUD" */ = {
			isa = XCRemoteSwiftPackageReference;
			repositoryURL = "https://github.com/JonasGessner/JGProgressHUD.git";
			requirement = {
				kind = upToNextMajorVersion;
				minimumVersion = 2.0.0;
			};
		};
		D571A3C9272FA9B700294032 /* XCRemoteSwiftPackageReference "firebase-ios-sdk" */ = {
			isa = XCRemoteSwiftPackageReference;
			repositoryURL = "https://github.com/firebase/firebase-ios-sdk.git";
			requirement = {
				kind = upToNextMajorVersion;
				minimumVersion = 8.0.0;
			};
		};
		D571A3E6273016BA00294032 /* XCRemoteSwiftPackageReference "Kingfisher" */ = {
			isa = XCRemoteSwiftPackageReference;
			repositoryURL = "https://github.com/onevcat/Kingfisher";
			requirement = {
				kind = upToNextMajorVersion;
				minimumVersion = 7.0.0;
			};
		};
		D573B374272F804000FFD11F /* XCRemoteSwiftPackageReference "Parchment" */ = {
			isa = XCRemoteSwiftPackageReference;
			repositoryURL = "https://github.com/rechsteiner/Parchment";
			requirement = {
				kind = upToNextMajorVersion;
				minimumVersion = 3.0.0;
			};
		};
		D5CBA3182732C60200730B9A /* XCRemoteSwiftPackageReference "IQKeyboardManager" */ = {
			isa = XCRemoteSwiftPackageReference;
			repositoryURL = "https://github.com/hackiftekhar/IQKeyboardManager";
			requirement = {
				kind = upToNextMajorVersion;
				minimumVersion = 6.0.0;
			};
		};
/* End XCRemoteSwiftPackageReference section */

/* Begin XCSwiftPackageProductDependency section */
		D518560427340C670094E467 /* JGProgressHUD */ = {
			isa = XCSwiftPackageProductDependency;
			package = D518560327340C670094E467 /* XCRemoteSwiftPackageReference "JGProgressHUD" */;
			productName = JGProgressHUD;
		};
		D571A3CA272FA9B700294032 /* FirebaseAuth */ = {
			isa = XCSwiftPackageProductDependency;
			package = D571A3C9272FA9B700294032 /* XCRemoteSwiftPackageReference "firebase-ios-sdk" */;
			productName = FirebaseAuth;
		};
		D571A3CC272FA9B700294032 /* FirebaseFirestore */ = {
			isa = XCSwiftPackageProductDependency;
			package = D571A3C9272FA9B700294032 /* XCRemoteSwiftPackageReference "firebase-ios-sdk" */;
			productName = FirebaseFirestore;
		};
		D571A3CE272FA9B700294032 /* FirebaseMessaging */ = {
			isa = XCSwiftPackageProductDependency;
			package = D571A3C9272FA9B700294032 /* XCRemoteSwiftPackageReference "firebase-ios-sdk" */;
			productName = FirebaseMessaging;
		};
		D571A3D0272FA9B700294032 /* FirebaseStorage */ = {
			isa = XCSwiftPackageProductDependency;
			package = D571A3C9272FA9B700294032 /* XCRemoteSwiftPackageReference "firebase-ios-sdk" */;
			productName = FirebaseStorage;
		};
		D571A3E7273016BA00294032 /* Kingfisher */ = {
			isa = XCSwiftPackageProductDependency;
			package = D571A3E6273016BA00294032 /* XCRemoteSwiftPackageReference "Kingfisher" */;
			productName = Kingfisher;
		};
		D573B375272F804000FFD11F /* Parchment */ = {
			isa = XCSwiftPackageProductDependency;
			package = D573B374272F804000FFD11F /* XCRemoteSwiftPackageReference "Parchment" */;
			productName = Parchment;
		};
		D5CBA3192732C60200730B9A /* IQKeyboardManagerSwift */ = {
			isa = XCSwiftPackageProductDependency;
			package = D5CBA3182732C60200730B9A /* XCRemoteSwiftPackageReference "IQKeyboardManager" */;
			productName = IQKeyboardManagerSwift;
		};
/* End XCSwiftPackageProductDependency section */
	};
	rootObject = D584FB57272D3491008C4653 /* Project object */;
}
